// !$*UTF8*$!
{
	archiveVersion = 1;
	classes = {
	};
	objectVersion = 56;
	objects = {

/* Begin PBXBuildFile section */
		4B0F231D2A2554580050CC99 /* AddViewController.swift in Sources */ = {isa = PBXBuildFile; fileRef = 4B0F231C2A2554580050CC99 /* AddViewController.swift */; };
		4BCA7CA42A2511B00054C7F8 /* AppDelegate.swift in Sources */ = {isa = PBXBuildFile; fileRef = 4BCA7CA32A2511B00054C7F8 /* AppDelegate.swift */; };
		4BCA7CA62A2511B00054C7F8 /* SceneDelegate.swift in Sources */ = {isa = PBXBuildFile; fileRef = 4BCA7CA52A2511B00054C7F8 /* SceneDelegate.swift */; };
		4BCA7CA82A2511B00054C7F8 /* NoteViewController.swift in Sources */ = {isa = PBXBuildFile; fileRef = 4BCA7CA72A2511B00054C7F8 /* NoteViewController.swift */; };
		4BCA7CAD2A2511B30054C7F8 /* Assets.xcassets in Resources */ = {isa = PBXBuildFile; fileRef = 4BCA7CAC2A2511B30054C7F8 /* Assets.xcassets */; };
		4BCA7CB02A2511B30054C7F8 /* LaunchScreen.storyboard in Resources */ = {isa = PBXBuildFile; fileRef = 4BCA7CAE2A2511B30054C7F8 /* LaunchScreen.storyboard */; };
		4BCA7CBD2A251CCC0054C7F8 /* Note.swift in Sources */ = {isa = PBXBuildFile; fileRef = 4BCA7CBC2A251CCC0054C7F8 /* Note.swift */; };
		4BF5FB8C2A2D2A9100739287 /* NoteViewModel.swift in Sources */ = {isa = PBXBuildFile; fileRef = 4BF5FB8B2A2D2A9100739287 /* NoteViewModel.swift */; };
		4BF5FB8F2A2D2BA300739287 /* NoteService.swift in Sources */ = {isa = PBXBuildFile; fileRef = 4BF5FB8E2A2D2BA300739287 /* NoteService.swift */; };
		4BF5FB932A2D2E1600739287 /* NoteTableViewCell.swift in Sources */ = {isa = PBXBuildFile; fileRef = 4BF5FB922A2D2E1600739287 /* NoteTableViewCell.swift */; };
		4BF5FB952A2DA45D00739287 /* NoteListViewModel.swift in Sources */ = {isa = PBXBuildFile; fileRef = 4BF5FB942A2DA45D00739287 /* NoteListViewModel.swift */; };
		6F440DD21B7753D1F3F60591 /* Pods_StudySnapKit.framework in Frameworks */ = {isa = PBXBuildFile; fileRef = 9DA556108A9A6BEDEDFE0C2F /* Pods_StudySnapKit.framework */; };
/* End PBXBuildFile section */

/* Begin PBXFileReference section */
		44490137568140CCDF788FCA /* Pods-StudySnapKit.debug.xcconfig */ = {isa = PBXFileReference; includeInIndex = 1; lastKnownFileType = text.xcconfig; name = "Pods-StudySnapKit.debug.xcconfig"; path = "Target Support Files/Pods-StudySnapKit/Pods-StudySnapKit.debug.xcconfig"; sourceTree = "<group>"; };
		4B0F231C2A2554580050CC99 /* AddViewController.swift */ = {isa = PBXFileReference; lastKnownFileType = sourcecode.swift; path = AddViewController.swift; sourceTree = "<group>"; };
		4BCA7CA02A2511B00054C7F8 /* StudySnapKit.app */ = {isa = PBXFileReference; explicitFileType = wrapper.application; includeInIndex = 0; path = StudySnapKit.app; sourceTree = BUILT_PRODUCTS_DIR; };
		4BCA7CA32A2511B00054C7F8 /* AppDelegate.swift */ = {isa = PBXFileReference; lastKnownFileType = sourcecode.swift; path = AppDelegate.swift; sourceTree = "<group>"; };
		4BCA7CA52A2511B00054C7F8 /* SceneDelegate.swift */ = {isa = PBXFileReference; lastKnownFileType = sourcecode.swift; path = SceneDelegate.swift; sourceTree = "<group>"; };
		4BCA7CA72A2511B00054C7F8 /* NoteViewController.swift */ = {isa = PBXFileReference; lastKnownFileType = sourcecode.swift; path = NoteViewController.swift; sourceTree = "<group>"; };
		4BCA7CAC2A2511B30054C7F8 /* Assets.xcassets */ = {isa = PBXFileReference; lastKnownFileType = folder.assetcatalog; path = Assets.xcassets; sourceTree = "<group>"; };
		4BCA7CAF2A2511B30054C7F8 /* Base */ = {isa = PBXFileReference; lastKnownFileType = file.storyboard; name = Base; path = Base.lproj/LaunchScreen.storyboard; sourceTree = "<group>"; };
		4BCA7CB12A2511B30054C7F8 /* Info.plist */ = {isa = PBXFileReference; lastKnownFileType = text.plist.xml; path = Info.plist; sourceTree = "<group>"; };
		4BCA7CBC2A251CCC0054C7F8 /* Note.swift */ = {isa = PBXFileReference; lastKnownFileType = sourcecode.swift; path = Note.swift; sourceTree = "<group>"; };
		4BF5FB8B2A2D2A9100739287 /* NoteViewModel.swift */ = {isa = PBXFileReference; lastKnownFileType = sourcecode.swift; path = NoteViewModel.swift; sourceTree = "<group>"; };
		4BF5FB8E2A2D2BA300739287 /* NoteService.swift */ = {isa = PBXFileReference; lastKnownFileType = sourcecode.swift; path = NoteService.swift; sourceTree = "<group>"; };
		4BF5FB922A2D2E1600739287 /* NoteTableViewCell.swift */ = {isa = PBXFileReference; lastKnownFileType = sourcecode.swift; path = NoteTableViewCell.swift; sourceTree = "<group>"; };
		4BF5FB942A2DA45D00739287 /* NoteListViewModel.swift */ = {isa = PBXFileReference; lastKnownFileType = sourcecode.swift; path = NoteListViewModel.swift; sourceTree = "<group>"; };
		9DA556108A9A6BEDEDFE0C2F /* Pods_StudySnapKit.framework */ = {isa = PBXFileReference; explicitFileType = wrapper.framework; includeInIndex = 0; path = Pods_StudySnapKit.framework; sourceTree = BUILT_PRODUCTS_DIR; };
		A720B495AE705B690836437D /* Pods-StudySnapKit.release.xcconfig */ = {isa = PBXFileReference; includeInIndex = 1; lastKnownFileType = text.xcconfig; name = "Pods-StudySnapKit.release.xcconfig"; path = "Target Support Files/Pods-StudySnapKit/Pods-StudySnapKit.release.xcconfig"; sourceTree = "<group>"; };
/* End PBXFileReference section */

/* Begin PBXFrameworksBuildPhase section */
		4BCA7C9D2A2511B00054C7F8 /* Frameworks */ = {
			isa = PBXFrameworksBuildPhase;
			buildActionMask = 2147483647;
			files = (
				6F440DD21B7753D1F3F60591 /* Pods_StudySnapKit.framework in Frameworks */,
			);
			runOnlyForDeploymentPostprocessing = 0;
		};
/* End PBXFrameworksBuildPhase section */

/* Begin PBXGroup section */
		095831896E1D634491966B03 /* Frameworks */ = {
			isa = PBXGroup;
			children = (
				9DA556108A9A6BEDEDFE0C2F /* Pods_StudySnapKit.framework */,
			);
			name = Frameworks;
			sourceTree = "<group>";
		};
		4B39BD8E2A2647340082D674 /* View */ = {
			isa = PBXGroup;
			children = (
				4BCA7CA72A2511B00054C7F8 /* NoteViewController.swift */,
				4B0F231C2A2554580050CC99 /* AddViewController.swift */,
				4BF5FB922A2D2E1600739287 /* NoteTableViewCell.swift */,
			);
			path = View;
			sourceTree = "<group>";
		};
		4BCA7C972A2511B00054C7F8 = {
			isa = PBXGroup;
			children = (
				4BCA7CA22A2511B00054C7F8 /* StudySnapKit */,
				4BCA7CA12A2511B00054C7F8 /* Products */,
				E1B9F654B8657E116320686D /* Pods */,
				095831896E1D634491966B03 /* Frameworks */,
			);
			sourceTree = "<group>";
		};
		4BCA7CA12A2511B00054C7F8 /* Products */ = {
			isa = PBXGroup;
			children = (
				4BCA7CA02A2511B00054C7F8 /* StudySnapKit.app */,
			);
			name = Products;
			sourceTree = "<group>";
		};
		4BCA7CA22A2511B00054C7F8 /* StudySnapKit */ = {
			isa = PBXGroup;
			children = (
				4BCA7CA32A2511B00054C7F8 /* AppDelegate.swift */,
				4BCA7CA52A2511B00054C7F8 /* SceneDelegate.swift */,
				4BCA7CC02A252D940054C7F8 /* Model */,
				4B39BD8E2A2647340082D674 /* View */,
				4BF5FB8D2A2D2AD800739287 /* ViewModel */,
				4BCA7CAE2A2511B30054C7F8 /* LaunchScreen.storyboard */,
				4BCA7CAC2A2511B30054C7F8 /* Assets.xcassets */,
				4BCA7CB12A2511B30054C7F8 /* Info.plist */,
			);
			path = StudySnapKit;
			sourceTree = "<group>";
		};
		4BCA7CC02A252D940054C7F8 /* Model */ = {
			isa = PBXGroup;
			children = (
				4BCA7CBC2A251CCC0054C7F8 /* Note.swift */,
			);
			path = Model;
			sourceTree = "<group>";
		};
		4BF5FB8D2A2D2AD800739287 /* ViewModel */ = {
			isa = PBXGroup;
			children = (
				4BF5FB8B2A2D2A9100739287 /* NoteViewModel.swift */,
				4BF5FB942A2DA45D00739287 /* NoteListViewModel.swift */,
				4BF5FB8E2A2D2BA300739287 /* NoteService.swift */,
			);
			path = ViewModel;
			sourceTree = "<group>";
		};
		E1B9F654B8657E116320686D /* Pods */ = {
			isa = PBXGroup;
			children = (
				44490137568140CCDF788FCA /* Pods-StudySnapKit.debug.xcconfig */,
				A720B495AE705B690836437D /* Pods-StudySnapKit.release.xcconfig */,
			);
			path = Pods;
			sourceTree = "<group>";
		};
/* End PBXGroup section */

/* Begin PBXNativeTarget section */
		4BCA7C9F2A2511B00054C7F8 /* StudySnapKit */ = {
			isa = PBXNativeTarget;
			buildConfigurationList = 4BCA7CB42A2511B30054C7F8 /* Build configuration list for PBXNativeTarget "StudySnapKit" */;
			buildPhases = (
				E8BCBBBD14B8A177EEECCEC2 /* [CP] Check Pods Manifest.lock */,
				4BCA7C9C2A2511B00054C7F8 /* Sources */,
				4BCA7C9D2A2511B00054C7F8 /* Frameworks */,
				4BCA7C9E2A2511B00054C7F8 /* Resources */,
				ED723A7EB0BC68467CEE3D4B /* [CP] Embed Pods Frameworks */,
			);
			buildRules = (
			);
			dependencies = (
			);
			name = StudySnapKit;
			productName = StudySnapKit;
			productReference = 4BCA7CA02A2511B00054C7F8 /* StudySnapKit.app */;
			productType = "com.apple.product-type.application";
		};
/* End PBXNativeTarget section */

/* Begin PBXProject section */
		4BCA7C982A2511B00054C7F8 /* Project object */ = {
			isa = PBXProject;
			attributes = {
				BuildIndependentTargetsInParallel = 1;
				LastSwiftUpdateCheck = 1430;
				LastUpgradeCheck = 1430;
				TargetAttributes = {
					4BCA7C9F2A2511B00054C7F8 = {
						CreatedOnToolsVersion = 14.3;
					};
				};
			};
			buildConfigurationList = 4BCA7C9B2A2511B00054C7F8 /* Build configuration list for PBXProject "StudySnapKit" */;
			compatibilityVersion = "Xcode 14.0";
			developmentRegion = en;
			hasScannedForEncodings = 0;
			knownRegions = (
				en,
				Base,
			);
			mainGroup = 4BCA7C972A2511B00054C7F8;
			productRefGroup = 4BCA7CA12A2511B00054C7F8 /* Products */;
			projectDirPath = "";
			projectRoot = "";
			targets = (
				4BCA7C9F2A2511B00054C7F8 /* StudySnapKit */,
			);
		};
/* End PBXProject section */

/* Begin PBXResourcesBuildPhase section */
		4BCA7C9E2A2511B00054C7F8 /* Resources */ = {
			isa = PBXResourcesBuildPhase;
			buildActionMask = 2147483647;
			files = (
				4BCA7CB02A2511B30054C7F8 /* LaunchScreen.storyboard in Resources */,
				4BCA7CAD2A2511B30054C7F8 /* Assets.xcassets in Resources */,
			);
			runOnlyForDeploymentPostprocessing = 0;
		};
/* End PBXResourcesBuildPhase section */

/* Begin PBXShellScriptBuildPhase section */
		E8BCBBBD14B8A177EEECCEC2 /* [CP] Check Pods Manifest.lock */ = {
			isa = PBXShellScriptBuildPhase;
			buildActionMask = 2147483647;
			files = (
			);
			inputFileListPaths = (
			);
			inputPaths = (
				"${PODS_PODFILE_DIR_PATH}/Podfile.lock",
				"${PODS_ROOT}/Manifest.lock",
			);
			name = "[CP] Check Pods Manifest.lock";
			outputFileListPaths = (
			);
			outputPaths = (
				"$(DERIVED_FILE_DIR)/Pods-StudySnapKit-checkManifestLockResult.txt",
			);
			runOnlyForDeploymentPostprocessing = 0;
			shellPath = /bin/sh;
			shellScript = "diff \"${PODS_PODFILE_DIR_PATH}/Podfile.lock\" \"${PODS_ROOT}/Manifest.lock\" > /dev/null\nif [ $? != 0 ] ; then\n    # print error to STDERR\n    echo \"error: The sandbox is not in sync with the Podfile.lock. Run 'pod install' or update your CocoaPods installation.\" >&2\n    exit 1\nfi\n# This output is used by Xcode 'outputs' to avoid re-running this script phase.\necho \"SUCCESS\" > \"${SCRIPT_OUTPUT_FILE_0}\"\n";
			showEnvVarsInLog = 0;
		};
		ED723A7EB0BC68467CEE3D4B /* [CP] Embed Pods Frameworks */ = {
			isa = PBXShellScriptBuildPhase;
			buildActionMask = 2147483647;
			files = (
			);
			inputFileListPaths = (
				"${PODS_ROOT}/Target Support Files/Pods-StudySnapKit/Pods-StudySnapKit-frameworks-${CONFIGURATION}-input-files.xcfilelist",
			);
			name = "[CP] Embed Pods Frameworks";
			outputFileListPaths = (
				"${PODS_ROOT}/Target Support Files/Pods-StudySnapKit/Pods-StudySnapKit-frameworks-${CONFIGURATION}-output-files.xcfilelist",
			);
			runOnlyForDeploymentPostprocessing = 0;
			shellPath = /bin/sh;
			shellScript = "\"${PODS_ROOT}/Target Support Files/Pods-StudySnapKit/Pods-StudySnapKit-frameworks.sh\"\n";
			showEnvVarsInLog = 0;
		};
/* End PBXShellScriptBuildPhase section */

/* Begin PBXSourcesBuildPhase section */
		4BCA7C9C2A2511B00054C7F8 /* Sources */ = {
			isa = PBXSourcesBuildPhase;
			buildActionMask = 2147483647;
			files = (
				4BCA7CA82A2511B00054C7F8 /* NoteViewController.swift in Sources */,
				4BCA7CA42A2511B00054C7F8 /* AppDelegate.swift in Sources */,
				4B0F231D2A2554580050CC99 /* AddViewController.swift in Sources */,
				4BF5FB8F2A2D2BA300739287 /* NoteService.swift in Sources */,
				4BF5FB932A2D2E1600739287 /* NoteTableViewCell.swift in Sources */,
				4BCA7CA62A2511B00054C7F8 /* SceneDelegate.swift in Sources */,
				4BCA7CBD2A251CCC0054C7F8 /* Note.swift in Sources */,
				4BF5FB952A2DA45D00739287 /* NoteListViewModel.swift in Sources */,
				4BF5FB8C2A2D2A9100739287 /* NoteViewModel.swift in Sources */,
			);
			runOnlyForDeploymentPostprocessing = 0;
		};
/* End PBXSourcesBuildPhase section */

/* Begin PBXVariantGroup section */
		4BCA7CAE2A2511B30054C7F8 /* LaunchScreen.storyboard */ = {
			isa = PBXVariantGroup;
			children = (
				4BCA7CAF2A2511B30054C7F8 /* Base */,
			);
			name = LaunchScreen.storyboard;
			sourceTree = "<group>";
		};
/* End PBXVariantGroup section */

/* Begin XCBuildConfiguration section */
		4BCA7CB22A2511B30054C7F8 /* Debug */ = {
			isa = XCBuildConfiguration;
			buildSettings = {
				ALWAYS_SEARCH_USER_PATHS = NO;
				CLANG_ANALYZER_NONNULL = YES;
				CLANG_ANALYZER_NUMBER_OBJECT_CONVERSION = YES_AGGRESSIVE;
				CLANG_CXX_LANGUAGE_STANDARD = "gnu++20";
				CLANG_ENABLE_MODULES = YES;
				CLANG_ENABLE_OBJC_ARC = YES;
				CLANG_ENABLE_OBJC_WEAK = YES;
				CLANG_WARN_BLOCK_CAPTURE_AUTORELEASING = YES;
				CLANG_WARN_BOOL_CONVERSION = YES;
				CLANG_WARN_COMMA = YES;
				CLANG_WARN_CONSTANT_CONVERSION = YES;
				CLANG_WARN_DEPRECATED_OBJC_IMPLEMENTATIONS = YES;
				CLANG_WARN_DIRECT_OBJC_ISA_USAGE = YES_ERROR;
				CLANG_WARN_DOCUMENTATION_COMMENTS = YES;
				CLANG_WARN_EMPTY_BODY = YES;
				CLANG_WARN_ENUM_CONVERSION = YES;
				CLANG_WARN_INFINITE_RECURSION = YES;
				CLANG_WARN_INT_CONVERSION = YES;
				CLANG_WARN_NON_LITERAL_NULL_CONVERSION = YES;
				CLANG_WARN_OBJC_IMPLICIT_RETAIN_SELF = YES;
				CLANG_WARN_OBJC_LITERAL_CONVERSION = YES;
				CLANG_WARN_OBJC_ROOT_CLASS = YES_ERROR;
				CLANG_WARN_QUOTED_INCLUDE_IN_FRAMEWORK_HEADER = YES;
				CLANG_WARN_RANGE_LOOP_ANALYSIS = YES;
				CLANG_WARN_STRICT_PROTOTYPES = YES;
				CLANG_WARN_SUSPICIOUS_MOVE = YES;
				CLANG_WARN_UNGUARDED_AVAILABILITY = YES_AGGRESSIVE;
				CLANG_WARN_UNREACHABLE_CODE = YES;
				CLANG_WARN__DUPLICATE_METHOD_MATCH = YES;
				COPY_PHASE_STRIP = NO;
				DEBUG_INFORMATION_FORMAT = dwarf;
				ENABLE_STRICT_OBJC_MSGSEND = YES;
				ENABLE_TESTABILITY = YES;
				GCC_C_LANGUAGE_STANDARD = gnu11;
				GCC_DYNAMIC_NO_PIC = NO;
				GCC_NO_COMMON_BLOCKS = YES;
				GCC_OPTIMIZATION_LEVEL = 0;
				GCC_PREPROCESSOR_DEFINITIONS = (
					"DEBUG=1",
					"$(inherited)",
				);
				GCC_WARN_64_TO_32_BIT_CONVERSION = YES;
				GCC_WARN_ABOUT_RETURN_TYPE = YES_ERROR;
				GCC_WARN_UNDECLARED_SELECTOR = YES;
				GCC_WARN_UNINITIALIZED_AUTOS = YES_AGGRESSIVE;
				GCC_WARN_UNUSED_FUNCTION = YES;
				GCC_WARN_UNUSED_VARIABLE = YES;
				IPHONEOS_DEPLOYMENT_TARGET = 16.4;
				MTL_ENABLE_DEBUG_INFO = INCLUDE_SOURCE;
				MTL_FAST_MATH = YES;
				ONLY_ACTIVE_ARCH = YES;
				SDKROOT = iphoneos;
				SWIFT_ACTIVE_COMPILATION_CONDITIONS = DEBUG;
				SWIFT_OPTIMIZATION_LEVEL = "-Onone";
			};
			name = Debug;
		};
		4BCA7CB32A2511B30054C7F8 /* Release */ = {
			isa = XCBuildConfiguration;
			buildSettings = {
				ALWAYS_SEARCH_USER_PATHS = NO;
				CLANG_ANALYZER_NONNULL = YES;
				CLANG_ANALYZER_NUMBER_OBJECT_CONVERSION = YES_AGGRESSIVE;
				CLANG_CXX_LANGUAGE_STANDARD = "gnu++20";
				CLANG_ENABLE_MODULES = YES;
				CLANG_ENABLE_OBJC_ARC = YES;
				CLANG_ENABLE_OBJC_WEAK = YES;
				CLANG_WARN_BLOCK_CAPTURE_AUTORELEASING = YES;
				CLANG_WARN_BOOL_CONVERSION = YES;
				CLANG_WARN_COMMA = YES;
				CLANG_WARN_CONSTANT_CONVERSION = YES;
				CLANG_WARN_DEPRECATED_OBJC_IMPLEMENTATIONS = YES;
				CLANG_WARN_DIRECT_OBJC_ISA_USAGE = YES_ERROR;
				CLANG_WARN_DOCUMENTATION_COMMENTS = YES;
				CLANG_WARN_EMPTY_BODY = YES;
				CLANG_WARN_ENUM_CONVERSION = YES;
				CLANG_WARN_INFINITE_RECURSION = YES;
				CLANG_WARN_INT_CONVERSION = YES;
				CLANG_WARN_NON_LITERAL_NULL_CONVERSION = YES;
				CLANG_WARN_OBJC_IMPLICIT_RETAIN_SELF = YES;
				CLANG_WARN_OBJC_LITERAL_CONVERSION = YES;
				CLANG_WARN_OBJC_ROOT_CLASS = YES_ERROR;
				CLANG_WARN_QUOTED_INCLUDE_IN_FRAMEWORK_HEADER = YES;
				CLANG_WARN_RANGE_LOOP_ANALYSIS = YES;
				CLANG_WARN_STRICT_PROTOTYPES = YES;
				CLANG_WARN_SUSPICIOUS_MOVE = YES;
				CLANG_WARN_UNGUARDED_AVAILABILITY = YES_AGGRESSIVE;
				CLANG_WARN_UNREACHABLE_CODE = YES;
				CLANG_WARN__DUPLICATE_METHOD_MATCH = YES;
				COPY_PHASE_STRIP = NO;
				DEBUG_INFORMATION_FORMAT = "dwarf-with-dsym";
				ENABLE_NS_ASSERTIONS = NO;
				ENABLE_STRICT_OBJC_MSGSEND = YES;
				GCC_C_LANGUAGE_STANDARD = gnu11;
				GCC_NO_COMMON_BLOCKS = YES;
				GCC_WARN_64_TO_32_BIT_CONVERSION = YES;
				GCC_WARN_ABOUT_RETURN_TYPE = YES_ERROR;
				GCC_WARN_UNDECLARED_SELECTOR = YES;
				GCC_WARN_UNINITIALIZED_AUTOS = YES_AGGRESSIVE;
				GCC_WARN_UNUSED_FUNCTION = YES;
				GCC_WARN_UNUSED_VARIABLE = YES;
				IPHONEOS_DEPLOYMENT_TARGET = 16.4;
				MTL_ENABLE_DEBUG_INFO = NO;
				MTL_FAST_MATH = YES;
				SDKROOT = iphoneos;
				SWIFT_COMPILATION_MODE = wholemodule;
				SWIFT_OPTIMIZATION_LEVEL = "-O";
				VALIDATE_PRODUCT = YES;
			};
			name = Release;
		};
		4BCA7CB52A2511B30054C7F8 /* Debug */ = {
			isa = XCBuildConfiguration;
			baseConfigurationReference = 44490137568140CCDF788FCA /* Pods-StudySnapKit.debug.xcconfig */;
			buildSettings = {
				ASSETCATALOG_COMPILER_APPICON_NAME = AppIcon;
				ASSETCATALOG_COMPILER_GLOBAL_ACCENT_COLOR_NAME = AccentColor;
				CODE_SIGN_STYLE = Automatic;
				CURRENT_PROJECT_VERSION = 1;
				DEVELOPMENT_TEAM = 25LC26J875;
				GENERATE_INFOPLIST_FILE = YES;
				INFOPLIST_FILE = StudySnapKit/Info.plist;
				INFOPLIST_KEY_UIApplicationSupportsIndirectInputEvents = YES;
				INFOPLIST_KEY_UILaunchStoryboardName = LaunchScreen;
				INFOPLIST_KEY_UISupportedInterfaceOrientations_iPad = "UIInterfaceOrientationPortrait UIInterfaceOrientationPortraitUpsideDown UIInterfaceOrientationLandscapeLeft UIInterfaceOrientationLandscapeRight";
				INFOPLIST_KEY_UISupportedInterfaceOrientations_iPhone = "UIInterfaceOrientationPortrait UIInterfaceOrientationLandscapeLeft UIInterfaceOrientationLandscapeRight";
				LD_RUNPATH_SEARCH_PATHS = (
					"$(inherited)",
					"@executable_path/Frameworks",
				);
				MARKETING_VERSION = 1.0;
				PRODUCT_BUNDLE_IDENTIFIER = shamil.aglarov.StudySnapKit;
				PRODUCT_NAME = "$(TARGET_NAME)";
				SWIFT_EMIT_LOC_STRINGS = YES;
				SWIFT_VERSION = 5.0;
				TARGETED_DEVICE_FAMILY = "1,2";
			};
			name = Debug;
		};
		4BCA7CB62A2511B30054C7F8 /* Release */ = {
			isa = XCBuildConfiguration;
			baseConfigurationReference = A720B495AE705B690836437D /* Pods-StudySnapKit.release.xcconfig */;
			buildSettings = {
				ASSETCATALOG_COMPILER_APPICON_NAME = AppIcon;
				ASSETCATALOG_COMPILER_GLOBAL_ACCENT_COLOR_NAME = AccentColor;
				CODE_SIGN_STYLE = Automatic;
				CURRENT_PROJECT_VERSION = 1;
				DEVELOPMENT_TEAM = 25LC26J875;
				GENERATE_INFOPLIST_FILE = YES;
				INFOPLIST_FILE = StudySnapKit/Info.plist;
				INFOPLIST_KEY_UIApplicationSupportsIndirectInputEvents = YES;
				INFOPLIST_KEY_UILaunchStoryboardName = LaunchScreen;
				INFOPLIST_KEY_UISupportedInterfaceOrientations_iPad = "UIInterfaceOrientationPortrait UIInterfaceOrientationPortraitUpsideDown UIInterfaceOrientationLandscapeLeft UIInterfaceOrientationLandscapeRight";
				INFOPLIST_KEY_UISupportedInterfaceOrientations_iPhone = "UIInterfaceOrientationPortrait UIInterfaceOrientationLandscapeLeft UIInterfaceOrientationLandscapeRight";
				LD_RUNPATH_SEARCH_PATHS = (
					"$(inherited)",
					"@executable_path/Frameworks",
				);
				MARKETING_VERSION = 1.0;
				PRODUCT_BUNDLE_IDENTIFIER = shamil.aglarov.StudySnapKit;
				PRODUCT_NAME = "$(TARGET_NAME)";
				SWIFT_EMIT_LOC_STRINGS = YES;
				SWIFT_VERSION = 5.0;
				TARGETED_DEVICE_FAMILY = "1,2";
			};
			name = Release;
		};
/* End XCBuildConfiguration section */

/* Begin XCConfigurationList section */
		4BCA7C9B2A2511B00054C7F8 /* Build configuration list for PBXProject "StudySnapKit" */ = {
			isa = XCConfigurationList;
			buildConfigurations = (
				4BCA7CB22A2511B30054C7F8 /* Debug */,
				4BCA7CB32A2511B30054C7F8 /* Release */,
			);
			defaultConfigurationIsVisible = 0;
			defaultConfigurationName = Release;
		};
		4BCA7CB42A2511B30054C7F8 /* Build configuration list for PBXNativeTarget "StudySnapKit" */ = {
			isa = XCConfigurationList;
			buildConfigurations = (
				4BCA7CB52A2511B30054C7F8 /* Debug */,
				4BCA7CB62A2511B30054C7F8 /* Release */,
			);
			defaultConfigurationIsVisible = 0;
			defaultConfigurationName = Release;
		};
/* End XCConfigurationList section */
	};
	rootObject = 4BCA7C982A2511B00054C7F8 /* Project object */;
}
